
Microsoft Visual Studio Solution File, Format Version 12.00
# Visual Studio Version 16
VisualStudioVersion = 16.0.30406.217
MinimumVisualStudioVersion = 10.0.40219.1
Project("{9A19103F-16F7-4668-BE54-9A1E7A4F7556}") = "DOfficeCore", "DOfficeCore\DOfficeCore.csproj", "{B14D5659-4935-461B-8FD5-43A2795F1C5E}"
EndProject
Project("{2150E333-8FDC-42A3-9474-1A3956D46DE8}") = "Solution Items", "Solution Items", "{E6C97989-3CA6-4CEE-9B82-A141E5FC8F41}"
	ProjectSection(SolutionItems) = preProject
		.editorconfig = .editorconfig
	EndProjectSection
EndProject
Global
	GlobalSection(SolutionConfigurationPlatforms) = preSolution
		Debug|Any CPU = Debug|Any CPU
		Release|Any CPU = Release|Any CPU
	EndGlobalSection
	GlobalSection(ProjectConfigurationPlatforms) = postSolution
		{B14D5659-4935-461B-8FD5-43A2795F1C5E}.Debug|Any CPU.ActiveCfg = Debug|Any CPU
		{B14D5659-4935-461B-8FD5-43A2795F1C5E}.Debug|Any CPU.Build.0 = Debug|Any CPU
		{B14D5659-4935-461B-8FD5-43A2795F1C5E}.Release|Any CPU.ActiveCfg = Release|Any CPU
		{B14D5659-4935-461B-8FD5-43A2795F1C5E}.Release|Any CPU.Build.0 = Release|Any CPU
	EndGlobalSection
	GlobalSection(SolutionProperties) = preSolution
		HideSolutionNode = FALSE
	EndGlobalSection
	GlobalSection(ExtensibilityGlobals) = postSolution
		SolutionGuid = {EDE29482-EFA3-4AEA-B79E-0A1E4D67895A}
	EndGlobalSection
EndGlobal
